// !$*UTF8*$!
{
	archiveVersion = 1;
	classes = {
	};
	objectVersion = 46;
	objects = {

/* Begin PBXBuildFile section */
		CB5F1C091A176D8D00920461 /* AppDelegate.swift in Sources */ = {isa = PBXBuildFile; fileRef = CB5F1C081A176D8D00920461 /* AppDelegate.swift */; };
		CB5F1C0B1A176D8D00920461 /* ViewController.swift in Sources */ = {isa = PBXBuildFile; fileRef = CB5F1C0A1A176D8D00920461 /* ViewController.swift */; };
		CB5F1C0E1A176D8D00920461 /* Main.storyboard in Resources */ = {isa = PBXBuildFile; fileRef = CB5F1C0C1A176D8D00920461 /* Main.storyboard */; };
		CB5F1C101A176D8D00920461 /* Images.xcassets in Resources */ = {isa = PBXBuildFile; fileRef = CB5F1C0F1A176D8D00920461 /* Images.xcassets */; };
		CB5F1C131A176D8D00920461 /* LaunchScreen.xib in Resources */ = {isa = PBXBuildFile; fileRef = CB5F1C111A176D8D00920461 /* LaunchScreen.xib */; };
		CB5F1C1F1A176D8D00920461 /* ICMTests.swift in Sources */ = {isa = PBXBuildFile; fileRef = CB5F1C1E1A176D8D00920461 /* ICMTests.swift */; };
		CB5F1C2F1A176DA800920461 /* NotificationCenter.framework in Frameworks */ = {isa = PBXBuildFile; fileRef = CB5F1C2E1A176DA800920461 /* NotificationCenter.framework */; };
		CB5F1C341A176DA800920461 /* TodayViewController.swift in Sources */ = {isa = PBXBuildFile; fileRef = CB5F1C331A176DA800920461 /* TodayViewController.swift */; };
		CB5F1C361A176DA800920461 /* MainInterface.storyboard in Resources */ = {isa = PBXBuildFile; fileRef = CB5F1C351A176DA800920461 /* MainInterface.storyboard */; };
		CB5F1C391A176DA800920461 /* ICM Today.appex in Embed App Extensions */ = {isa = PBXBuildFile; fileRef = CB5F1C2C1A176DA800920461 /* ICM Today.appex */; settings = {ATTRIBUTES = (RemoveHeadersOnCopy, ); }; };
		CBB6D4F71A17B6460086B0F6 /* full.png in Resources */ = {isa = PBXBuildFile; fileRef = CBB6D4F61A17B6460086B0F6 /* full.png */; };
/* End PBXBuildFile section */

/* Begin PBXContainerItemProxy section */
		CB5F1C191A176D8D00920461 /* PBXContainerItemProxy */ = {
			isa = PBXContainerItemProxy;
			containerPortal = CB5F1BFB1A176D8D00920461 /* Project object */;
			proxyType = 1;
			remoteGlobalIDString = CB5F1C021A176D8D00920461;
			remoteInfo = ICM;
		};
		CB5F1C371A176DA800920461 /* PBXContainerItemProxy */ = {
			isa = PBXContainerItemProxy;
			containerPortal = CB5F1BFB1A176D8D00920461 /* Project object */;
			proxyType = 1;
			remoteGlobalIDString = CB5F1C2B1A176DA800920461;
			remoteInfo = "ICM Today";
		};
/* End PBXContainerItemProxy section */

/* Begin PBXCopyFilesBuildPhase section */
		CB5F1C3D1A176DA800920461 /* Embed App Extensions */ = {
			isa = PBXCopyFilesBuildPhase;
			buildActionMask = 2147483647;
			dstPath = "";
			dstSubfolderSpec = 13;
			files = (
				CB5F1C391A176DA800920461 /* ICM Today.appex in Embed App Extensions */,
			);
			name = "Embed App Extensions";
			runOnlyForDeploymentPostprocessing = 0;
		};
/* End PBXCopyFilesBuildPhase section */

/* Begin PBXFileReference section */
		CB5F1C031A176D8D00920461 /* ICM.app */ = {isa = PBXFileReference; explicitFileType = wrapper.application; includeInIndex = 0; path = ICM.app; sourceTree = BUILT_PRODUCTS_DIR; };
		CB5F1C071A176D8D00920461 /* Info.plist */ = {isa = PBXFileReference; lastKnownFileType = text.plist.xml; path = Info.plist; sourceTree = "<group>"; };
		CB5F1C081A176D8D00920461 /* AppDelegate.swift */ = {isa = PBXFileReference; lastKnownFileType = sourcecode.swift; path = AppDelegate.swift; sourceTree = "<group>"; };
		CB5F1C0A1A176D8D00920461 /* ViewController.swift */ = {isa = PBXFileReference; lastKnownFileType = sourcecode.swift; path = ViewController.swift; sourceTree = "<group>"; };
		CB5F1C0D1A176D8D00920461 /* Base */ = {isa = PBXFileReference; lastKnownFileType = file.storyboard; name = Base; path = Base.lproj/Main.storyboard; sourceTree = "<group>"; };
		CB5F1C0F1A176D8D00920461 /* Images.xcassets */ = {isa = PBXFileReference; lastKnownFileType = folder.assetcatalog; path = Images.xcassets; sourceTree = "<group>"; };
		CB5F1C121A176D8D00920461 /* Base */ = {isa = PBXFileReference; lastKnownFileType = file.xib; name = Base; path = Base.lproj/LaunchScreen.xib; sourceTree = "<group>"; };
		CB5F1C181A176D8D00920461 /* ICMTests.xctest */ = {isa = PBXFileReference; explicitFileType = wrapper.cfbundle; includeInIndex = 0; path = ICMTests.xctest; sourceTree = BUILT_PRODUCTS_DIR; };
		CB5F1C1D1A176D8D00920461 /* Info.plist */ = {isa = PBXFileReference; lastKnownFileType = text.plist.xml; path = Info.plist; sourceTree = "<group>"; };
		CB5F1C1E1A176D8D00920461 /* ICMTests.swift */ = {isa = PBXFileReference; lastKnownFileType = sourcecode.swift; path = ICMTests.swift; sourceTree = "<group>"; };
		CB5F1C2C1A176DA800920461 /* ICM Today.appex */ = {isa = PBXFileReference; explicitFileType = "wrapper.app-extension"; includeInIndex = 0; path = "ICM Today.appex"; sourceTree = BUILT_PRODUCTS_DIR; };
		CB5F1C2E1A176DA800920461 /* NotificationCenter.framework */ = {isa = PBXFileReference; lastKnownFileType = wrapper.framework; name = NotificationCenter.framework; path = System/Library/Frameworks/NotificationCenter.framework; sourceTree = SDKROOT; };
		CB5F1C321A176DA800920461 /* Info.plist */ = {isa = PBXFileReference; lastKnownFileType = text.plist.xml; path = Info.plist; sourceTree = "<group>"; };
		CB5F1C331A176DA800920461 /* TodayViewController.swift */ = {isa = PBXFileReference; lastKnownFileType = sourcecode.swift; path = TodayViewController.swift; sourceTree = "<group>"; };
		CB5F1C351A176DA800920461 /* MainInterface.storyboard */ = {isa = PBXFileReference; lastKnownFileType = file.storyboard; path = MainInterface.storyboard; sourceTree = "<group>"; };
		CBB6D4F61A17B6460086B0F6 /* full.png */ = {isa = PBXFileReference; lastKnownFileType = image.png; path = full.png; sourceTree = "<group>"; };
/* End PBXFileReference section */

/* Begin PBXFrameworksBuildPhase section */
		CB5F1C001A176D8D00920461 /* Frameworks */ = {
			isa = PBXFrameworksBuildPhase;
			buildActionMask = 2147483647;
			files = (
			);
			runOnlyForDeploymentPostprocessing = 0;
		};
		CB5F1C151A176D8D00920461 /* Frameworks */ = {
			isa = PBXFrameworksBuildPhase;
			buildActionMask = 2147483647;
			files = (
			);
			runOnlyForDeploymentPostprocessing = 0;
		};
		CB5F1C291A176DA800920461 /* Frameworks */ = {
			isa = PBXFrameworksBuildPhase;
			buildActionMask = 2147483647;
			files = (
				CB5F1C2F1A176DA800920461 /* NotificationCenter.framework in Frameworks */,
			);
			runOnlyForDeploymentPostprocessing = 0;
		};
/* End PBXFrameworksBuildPhase section */

/* Begin PBXGroup section */
		CB5F1BFA1A176D8D00920461 = {
			isa = PBXGroup;
			children = (
				CB5F1C051A176D8D00920461 /* ICM */,
				CB5F1C1B1A176D8D00920461 /* ICMTests */,
				CB5F1C301A176DA800920461 /* ICM Today */,
				CB5F1C2D1A176DA800920461 /* Frameworks */,
				CB5F1C041A176D8D00920461 /* Products */,
			);
			sourceTree = "<group>";
		};
		CB5F1C041A176D8D00920461 /* Products */ = {
			isa = PBXGroup;
			children = (
				CB5F1C031A176D8D00920461 /* ICM.app */,
				CB5F1C181A176D8D00920461 /* ICMTests.xctest */,
				CB5F1C2C1A176DA800920461 /* ICM Today.appex */,
			);
			name = Products;
			sourceTree = "<group>";
		};
		CB5F1C051A176D8D00920461 /* ICM */ = {
			isa = PBXGroup;
			children = (
				CB5F1C081A176D8D00920461 /* AppDelegate.swift */,
				CB5F1C0A1A176D8D00920461 /* ViewController.swift */,
				CB5F1C0C1A176D8D00920461 /* Main.storyboard */,
				CB5F1C0F1A176D8D00920461 /* Images.xcassets */,
				CB5F1C111A176D8D00920461 /* LaunchScreen.xib */,
				CB5F1C061A176D8D00920461 /* Supporting Files */,
			);
			path = ICM;
			sourceTree = "<group>";
		};
		CB5F1C061A176D8D00920461 /* Supporting Files */ = {
			isa = PBXGroup;
			children = (
				CB5F1C071A176D8D00920461 /* Info.plist */,
			);
			name = "Supporting Files";
			sourceTree = "<group>";
		};
		CB5F1C1B1A176D8D00920461 /* ICMTests */ = {
			isa = PBXGroup;
			children = (
				CB5F1C1E1A176D8D00920461 /* ICMTests.swift */,
				CB5F1C1C1A176D8D00920461 /* Supporting Files */,
			);
			path = ICMTests;
			sourceTree = "<group>";
		};
		CB5F1C1C1A176D8D00920461 /* Supporting Files */ = {
			isa = PBXGroup;
			children = (
				CB5F1C1D1A176D8D00920461 /* Info.plist */,
			);
			name = "Supporting Files";
			sourceTree = "<group>";
		};
		CB5F1C2D1A176DA800920461 /* Frameworks */ = {
			isa = PBXGroup;
			children = (
				CB5F1C2E1A176DA800920461 /* NotificationCenter.framework */,
			);
			name = Frameworks;
			sourceTree = "<group>";
		};
		CB5F1C301A176DA800920461 /* ICM Today */ = {
			isa = PBXGroup;
			children = (
				CB5F1C401A17732C00920461 /* Assets */,
				CB5F1C331A176DA800920461 /* TodayViewController.swift */,
				CB5F1C351A176DA800920461 /* MainInterface.storyboard */,
				CB5F1C311A176DA800920461 /* Supporting Files */,
			);
			path = "ICM Today";
			sourceTree = "<group>";
		};
		CB5F1C311A176DA800920461 /* Supporting Files */ = {
			isa = PBXGroup;
			children = (
				CB5F1C321A176DA800920461 /* Info.plist */,
			);
			name = "Supporting Files";
			sourceTree = "<group>";
		};
		CB5F1C401A17732C00920461 /* Assets */ = {
			isa = PBXGroup;
			children = (
				CBB6D4F61A17B6460086B0F6 /* full.png */,
			);
			name = Assets;
			sourceTree = "<group>";
		};
/* End PBXGroup section */

/* Begin PBXNativeTarget section */
		CB5F1C021A176D8D00920461 /* ICM */ = {
			isa = PBXNativeTarget;
			buildConfigurationList = CB5F1C221A176D8D00920461 /* Build configuration list for PBXNativeTarget "ICM" */;
			buildPhases = (
				CB5F1BFF1A176D8D00920461 /* Sources */,
				CB5F1C001A176D8D00920461 /* Frameworks */,
				CB5F1C011A176D8D00920461 /* Resources */,
				CB5F1C3D1A176DA800920461 /* Embed App Extensions */,
			);
			buildRules = (
			);
			dependencies = (
				CB5F1C381A176DA800920461 /* PBXTargetDependency */,
			);
			name = ICM;
			productName = ICM;
			productReference = CB5F1C031A176D8D00920461 /* ICM.app */;
			productType = "com.apple.product-type.application";
		};
		CB5F1C171A176D8D00920461 /* ICMTests */ = {
			isa = PBXNativeTarget;
			buildConfigurationList = CB5F1C251A176D8D00920461 /* Build configuration list for PBXNativeTarget "ICMTests" */;
			buildPhases = (
				CB5F1C141A176D8D00920461 /* Sources */,
				CB5F1C151A176D8D00920461 /* Frameworks */,
				CB5F1C161A176D8D00920461 /* Resources */,
			);
			buildRules = (
			);
			dependencies = (
				CB5F1C1A1A176D8D00920461 /* PBXTargetDependency */,
			);
			name = ICMTests;
			productName = ICMTests;
			productReference = CB5F1C181A176D8D00920461 /* ICMTests.xctest */;
			productType = "com.apple.product-type.bundle.unit-test";
		};
		CB5F1C2B1A176DA800920461 /* ICM Today */ = {
			isa = PBXNativeTarget;
			buildConfigurationList = CB5F1C3A1A176DA800920461 /* Build configuration list for PBXNativeTarget "ICM Today" */;
			buildPhases = (
				CB5F1C281A176DA800920461 /* Sources */,
				CB5F1C291A176DA800920461 /* Frameworks */,
				CB5F1C2A1A176DA800920461 /* Resources */,
			);
			buildRules = (
			);
			dependencies = (
			);
			name = "ICM Today";
			productName = "ICM Today";
			productReference = CB5F1C2C1A176DA800920461 /* ICM Today.appex */;
			productType = "com.apple.product-type.app-extension";
		};
/* End PBXNativeTarget section */

/* Begin PBXProject section */
		CB5F1BFB1A176D8D00920461 /* Project object */ = {
			isa = PBXProject;
			attributes = {
				LastUpgradeCheck = 0610;
				ORGANIZATIONNAME = "Maciej Konieczny";
				TargetAttributes = {
					CB5F1C021A176D8D00920461 = {
						CreatedOnToolsVersion = 6.1.1;
					};
					CB5F1C171A176D8D00920461 = {
						CreatedOnToolsVersion = 6.1.1;
						TestTargetID = CB5F1C021A176D8D00920461;
					};
					CB5F1C2B1A176DA800920461 = {
						CreatedOnToolsVersion = 6.1.1;
					};
				};
			};
			buildConfigurationList = CB5F1BFE1A176D8D00920461 /* Build configuration list for PBXProject "ICM" */;
			compatibilityVersion = "Xcode 3.2";
			developmentRegion = English;
			hasScannedForEncodings = 0;
			knownRegions = (
				en,
				Base,
			);
			mainGroup = CB5F1BFA1A176D8D00920461;
			productRefGroup = CB5F1C041A176D8D00920461 /* Products */;
			projectDirPath = "";
			projectRoot = "";
			targets = (
				CB5F1C021A176D8D00920461 /* ICM */,
				CB5F1C171A176D8D00920461 /* ICMTests */,
				CB5F1C2B1A176DA800920461 /* ICM Today */,
			);
		};
/* End PBXProject section */

/* Begin PBXResourcesBuildPhase section */
		CB5F1C011A176D8D00920461 /* Resources */ = {
			isa = PBXResourcesBuildPhase;
			buildActionMask = 2147483647;
			files = (
				CB5F1C0E1A176D8D00920461 /* Main.storyboard in Resources */,
				CB5F1C131A176D8D00920461 /* LaunchScreen.xib in Resources */,
				CB5F1C101A176D8D00920461 /* Images.xcassets in Resources */,
			);
			runOnlyForDeploymentPostprocessing = 0;
		};
		CB5F1C161A176D8D00920461 /* Resources */ = {
			isa = PBXResourcesBuildPhase;
			buildActionMask = 2147483647;
			files = (
			);
			runOnlyForDeploymentPostprocessing = 0;
		};
		CB5F1C2A1A176DA800920461 /* Resources */ = {
			isa = PBXResourcesBuildPhase;
			buildActionMask = 2147483647;
			files = (
				CBB6D4F71A17B6460086B0F6 /* full.png in Resources */,
				CB5F1C361A176DA800920461 /* MainInterface.storyboard in Resources */,
			);
			runOnlyForDeploymentPostprocessing = 0;
		};
/* End PBXResourcesBuildPhase section */

/* Begin PBXSourcesBuildPhase section */
		CB5F1BFF1A176D8D00920461 /* Sources */ = {
			isa = PBXSourcesBuildPhase;
			buildActionMask = 2147483647;
			files = (
				CB5F1C0B1A176D8D00920461 /* ViewController.swift in Sources */,
				CB5F1C091A176D8D00920461 /* AppDelegate.swift in Sources */,
			);
			runOnlyForDeploymentPostprocessing = 0;
		};
		CB5F1C141A176D8D00920461 /* Sources */ = {
			isa = PBXSourcesBuildPhase;
			buildActionMask = 2147483647;
			files = (
				CB5F1C1F1A176D8D00920461 /* ICMTests.swift in Sources */,
			);
			runOnlyForDeploymentPostprocessing = 0;
		};
		CB5F1C281A176DA800920461 /* Sources */ = {
			isa = PBXSourcesBuildPhase;
			buildActionMask = 2147483647;
			files = (
				CB5F1C341A176DA800920461 /* TodayViewController.swift in Sources */,
			);
			runOnlyForDeploymentPostprocessing = 0;
		};
/* End PBXSourcesBuildPhase section */

/* Begin PBXTargetDependency section */
		CB5F1C1A1A176D8D00920461 /* PBXTargetDependency */ = {
			isa = PBXTargetDependency;
			target = CB5F1C021A176D8D00920461 /* ICM */;
			targetProxy = CB5F1C191A176D8D00920461 /* PBXContainerItemProxy */;
		};
		CB5F1C381A176DA800920461 /* PBXTargetDependency */ = {
			isa = PBXTargetDependency;
			target = CB5F1C2B1A176DA800920461 /* ICM Today */;
			targetProxy = CB5F1C371A176DA800920461 /* PBXContainerItemProxy */;
		};
/* End PBXTargetDependency section */

/* Begin PBXVariantGroup section */
		CB5F1C0C1A176D8D00920461 /* Main.storyboard */ = {
			isa = PBXVariantGroup;
			children = (
				CB5F1C0D1A176D8D00920461 /* Base */,
			);
			name = Main.storyboard;
			sourceTree = "<group>";
		};
		CB5F1C111A176D8D00920461 /* LaunchScreen.xib */ = {
			isa = PBXVariantGroup;
			children = (
				CB5F1C121A176D8D00920461 /* Base */,
			);
			name = LaunchScreen.xib;
			sourceTree = "<group>";
		};
/* End PBXVariantGroup section */

/* Begin XCBuildConfiguration section */
		CB5F1C201A176D8D00920461 /* Debug */ = {
			isa = XCBuildConfiguration;
			buildSettings = {
				ALWAYS_SEARCH_USER_PATHS = NO;
				CLANG_CXX_LANGUAGE_STANDARD = "gnu++0x";
				CLANG_CXX_LIBRARY = "libc++";
				CLANG_ENABLE_MODULES = YES;
				CLANG_ENABLE_OBJC_ARC = YES;
				CLANG_WARN_BOOL_CONVERSION = YES;
				CLANG_WARN_CONSTANT_CONVERSION = YES;
				CLANG_WARN_DIRECT_OBJC_ISA_USAGE = YES_ERROR;
				CLANG_WARN_EMPTY_BODY = YES;
				CLANG_WARN_ENUM_CONVERSION = YES;
				CLANG_WARN_INT_CONVERSION = YES;
				CLANG_WARN_OBJC_ROOT_CLASS = YES_ERROR;
				CLANG_WARN_UNREACHABLE_CODE = YES;
				CLANG_WARN__DUPLICATE_METHOD_MATCH = YES;
				"CODE_SIGN_IDENTITY[sdk=iphoneos*]" = "iPhone Developer";
				COPY_PHASE_STRIP = NO;
				ENABLE_STRICT_OBJC_MSGSEND = YES;
				GCC_C_LANGUAGE_STANDARD = gnu99;
				GCC_DYNAMIC_NO_PIC = NO;
				GCC_OPTIMIZATION_LEVEL = 0;
				GCC_PREPROCESSOR_DEFINITIONS = (
					"DEBUG=1",
					"$(inherited)",
				);
				GCC_SYMBOLS_PRIVATE_EXTERN = NO;
				GCC_WARN_64_TO_32_BIT_CONVERSION = YES;
				GCC_WARN_ABOUT_RETURN_TYPE = YES_ERROR;
				GCC_WARN_UNDECLARED_SELECTOR = YES;
				GCC_WARN_UNINITIALIZED_AUTOS = YES_AGGRESSIVE;
				GCC_WARN_UNUSED_FUNCTION = YES;
				GCC_WARN_UNUSED_VARIABLE = YES;
				IPHONEOS_DEPLOYMENT_TARGET = 8.1;
				MTL_ENABLE_DEBUG_INFO = YES;
				ONLY_ACTIVE_ARCH = YES;
				SDKROOT = iphoneos;
				SWIFT_OPTIMIZATION_LEVEL = "-Onone";
				TARGETED_DEVICE_FAMILY = "1,2";
			};
			name = Debug;
		};
		CB5F1C211A176D8D00920461 /* Release */ = {
			isa = XCBuildConfiguration;
			buildSettings = {
				ALWAYS_SEARCH_USER_PATHS = NO;
				CLANG_CXX_LANGUAGE_STANDARD = "gnu++0x";
				CLANG_CXX_LIBRARY = "libc++";
				CLANG_ENABLE_MODULES = YES;
				CLANG_ENABLE_OBJC_ARC = YES;
				CLANG_WARN_BOOL_CONVERSION = YES;
				CLANG_WARN_CONSTANT_CONVERSION = YES;
				CLANG_WARN_DIRECT_OBJC_ISA_USAGE = YES_ERROR;
				CLANG_WARN_EMPTY_BODY = YES;
				CLANG_WARN_ENUM_CONVERSION = YES;
				CLANG_WARN_INT_CONVERSION = YES;
				CLANG_WARN_OBJC_ROOT_CLASS = YES_ERROR;
				CLANG_WARN_UNREACHABLE_CODE = YES;
				CLANG_WARN__DUPLICATE_METHOD_MATCH = YES;
				"CODE_SIGN_IDENTITY[sdk=iphoneos*]" = "iPhone Developer";
				COPY_PHASE_STRIP = YES;
				ENABLE_NS_ASSERTIONS = NO;
				ENABLE_STRICT_OBJC_MSGSEND = YES;
				GCC_C_LANGUAGE_STANDARD = gnu99;
				GCC_WARN_64_TO_32_BIT_CONVERSION = YES;
				GCC_WARN_ABOUT_RETURN_TYPE = YES_ERROR;
				GCC_WARN_UNDECLARED_SELECTOR = YES;
				GCC_WARN_UNINITIALIZED_AUTOS = YES_AGGRESSIVE;
				GCC_WARN_UNUSED_FUNCTION = YES;
				GCC_WARN_UNUSED_VARIABLE = YES;
				IPHONEOS_DEPLOYMENT_TARGET = 8.1;
				MTL_ENABLE_DEBUG_INFO = NO;
				SDKROOT = iphoneos;
				TARGETED_DEVICE_FAMILY = "1,2";
				VALIDATE_PRODUCT = YES;
			};
			name = Release;
		};
		CB5F1C231A176D8D00920461 /* Debug */ = {
			isa = XCBuildConfiguration;
			buildSettings = {
				ASSETCATALOG_COMPILER_APPICON_NAME = AppIcon;
				EMBEDDED_CONTENT_CONTAINS_SWIFT = YES;
				INFOPLIST_FILE = ICM/Info.plist;
				LD_RUNPATH_SEARCH_PATHS = "$(inherited) @executable_path/Frameworks";
				PRODUCT_NAME = "$(TARGET_NAME)";
			};
			name = Debug;
		};
		CB5F1C241A176D8D00920461 /* Release */ = {
			isa = XCBuildConfiguration;
			buildSettings = {
				ASSETCATALOG_COMPILER_APPICON_NAME = AppIcon;
				EMBEDDED_CONTENT_CONTAINS_SWIFT = YES;
				INFOPLIST_FILE = ICM/Info.plist;
				LD_RUNPATH_SEARCH_PATHS = "$(inherited) @executable_path/Frameworks";
				PRODUCT_NAME = "$(TARGET_NAME)";
			};
			name = Release;
		};
		CB5F1C261A176D8D00920461 /* Debug */ = {
			isa = XCBuildConfiguration;
			buildSettings = {
				BUNDLE_LOADER = "$(TEST_HOST)";
				FRAMEWORK_SEARCH_PATHS = (
					"$(SDKROOT)/Developer/Library/Frameworks",
					"$(inherited)",
				);
				GCC_PREPROCESSOR_DEFINITIONS = (
					"DEBUG=1",
					"$(inherited)",
				);
				INFOPLIST_FILE = ICMTests/Info.plist;
				LD_RUNPATH_SEARCH_PATHS = "$(inherited) @executable_path/Frameworks @loader_path/Frameworks";
				PRODUCT_NAME = "$(TARGET_NAME)";
				TEST_HOST = "$(BUILT_PRODUCTS_DIR)/ICM.app/ICM";
			};
			name = Debug;
		};
		CB5F1C271A176D8D00920461 /* Release */ = {
			isa = XCBuildConfiguration;
			buildSettings = {
				BUNDLE_LOADER = "$(TEST_HOST)";
				FRAMEWORK_SEARCH_PATHS = (
					"$(SDKROOT)/Developer/Library/Frameworks",
					"$(inherited)",
				);
				INFOPLIST_FILE = ICMTests/Info.plist;
				LD_RUNPATH_SEARCH_PATHS = "$(inherited) @executable_path/Frameworks @loader_path/Frameworks";
				PRODUCT_NAME = "$(TARGET_NAME)";
				TEST_HOST = "$(BUILT_PRODUCTS_DIR)/ICM.app/ICM";
			};
			name = Release;
		};
		CB5F1C3B1A176DA800920461 /* Debug */ = {
			isa = XCBuildConfiguration;
			buildSettings = {
				GCC_PREPROCESSOR_DEFINITIONS = (
					"DEBUG=1",
					"$(inherited)",
				);
				INFOPLIST_FILE = "ICM Today/Info.plist";
				LD_RUNPATH_SEARCH_PATHS = "$(inherited) @executable_path/Frameworks @executable_path/../../Frameworks";
				PRODUCT_NAME = "$(TARGET_NAME)";
				SKIP_INSTALL = YES;
			};
			name = Debug;
		};
		CB5F1C3C1A176DA800920461 /* Release */ = {
			isa = XCBuildConfiguration;
			buildSettings = {
				INFOPLIST_FILE = "ICM Today/Info.plist";
				LD_RUNPATH_SEARCH_PATHS = "$(inherited) @executable_path/Frameworks @executable_path/../../Frameworks";
				PRODUCT_NAME = "$(TARGET_NAME)";
				SKIP_INSTALL = YES;
			};
			name = Release;
		};
/* End XCBuildConfiguration section */

/* Begin XCConfigurationList section */
		CB5F1BFE1A176D8D00920461 /* Build configuration list for PBXProject "ICM" */ = {
			isa = XCConfigurationList;
			buildConfigurations = (
				CB5F1C201A176D8D00920461 /* Debug */,
				CB5F1C211A176D8D00920461 /* Release */,
			);
			defaultConfigurationIsVisible = 0;
			defaultConfigurationName = Release;
		};
		CB5F1C221A176D8D00920461 /* Build configuration list for PBXNativeTarget "ICM" */ = {
			isa = XCConfigurationList;
			buildConfigurations = (
				CB5F1C231A176D8D00920461 /* Debug */,
				CB5F1C241A176D8D00920461 /* Release */,
			);
			defaultConfigurationIsVisible = 0;
			defaultConfigurationName = Release;
		};
		CB5F1C251A176D8D00920461 /* Build configuration list for PBXNativeTarget "ICMTests" */ = {
			isa = XCConfigurationList;
			buildConfigurations = (
				CB5F1C261A176D8D00920461 /* Debug */,
				CB5F1C271A176D8D00920461 /* Release */,
			);
			defaultConfigurationIsVisible = 0;
			defaultConfigurationName = Release;
		};
		CB5F1C3A1A176DA800920461 /* Build configuration list for PBXNativeTarget "ICM Today" */ = {
			isa = XCConfigurationList;
			buildConfigurations = (
				CB5F1C3B1A176DA800920461 /* Debug */,
				CB5F1C3C1A176DA800920461 /* Release */,
			);
			defaultConfigurationIsVisible = 0;
			defaultConfigurationName = Release;
		};
/* End XCConfigurationList section */
	};
	rootObject = CB5F1BFB1A176D8D00920461 /* Project object */;
}
